
Microsoft Visual Studio Solution File, Format Version 12.00
# Visual Studio 15
VisualStudioVersion = 15.0.28307.271
MinimumVisualStudioVersion = 10.0.40219.1
Project("{FAE04EC0-301F-11D3-BF4B-00C04F79EFBC}") = "HiTech Ryff 2019", "HiTech Ryff 2019\HiTech Ryff 2019.csproj", "{586F9BEE-303B-425B-9C2D-6BB8978D193B}"
EndProject
Global
	GlobalSection(SolutionConfigurationPlatforms) = preSolution
		Debug|Any CPU = Debug|Any CPU
		Release|Any CPU = Release|Any CPU
	EndGlobalSection
	GlobalSection(ProjectConfigurationPlatforms) = postSolution
		{586F9BEE-303B-425B-9C2D-6BB8978D193B}.Debug|Any CPU.ActiveCfg = Debug|Any CPU
		{586F9BEE-303B-425B-9C2D-6BB8978D193B}.Debug|Any CPU.Build.0 = Debug|Any CPU
		{586F9BEE-303B-425B-9C2D-6BB8978D193B}.Release|Any CPU.ActiveCfg = Release|Any CPU
		{586F9BEE-303B-425B-9C2D-6BB8978D193B}.Release|Any CPU.Build.0 = Release|Any CPU
	EndGlobalSection
	GlobalSection(SolutionProperties) = preSolution
		HideSolutionNode = FALSE
	EndGlobalSection
	GlobalSection(ExtensibilityGlobals) = postSolution
		SolutionGuid = {09581263-726D-42FE-A782-1BE60ECFFF0E}
	EndGlobalSection
EndGlobal
